
Microsoft Visual Studio Solution File, Format Version 12.00
# Visual Studio Version 17
VisualStudioVersion = 17.2.32516.85
MinimumVisualStudioVersion = 10.0.40219.1
Project("{FAE04EC0-301F-11D3-BF4B-00C04F79EFBC}") = "api-dapper", "api-dapper\api-dapper.csproj", "{570B9F46-A9A1-4731-99AF-79FBF7D91D04}"
EndProject
Global
	GlobalSection(SolutionConfigurationPlatforms) = preSolution
		Debug|Any CPU = Debug|Any CPU
		Release|Any CPU = Release|Any CPU
	EndGlobalSection
	GlobalSection(ProjectConfigurationPlatforms) = postSolution
		{570B9F46-A9A1-4731-99AF-79FBF7D91D04}.Debug|Any CPU.ActiveCfg = Debug|Any CPU
		{570B9F46-A9A1-4731-99AF-79FBF7D91D04}.Debug|Any CPU.Build.0 = Debug|Any CPU
		{570B9F46-A9A1-4731-99AF-79FBF7D91D04}.Release|Any CPU.ActiveCfg = Release|Any CPU
		{570B9F46-A9A1-4731-99AF-79FBF7D91D04}.Release|Any CPU.Build.0 = Release|Any CPU
	EndGlobalSection
	GlobalSection(SolutionProperties) = preSolution
		HideSolutionNode = FALSE
	EndGlobalSection
	GlobalSection(ExtensibilityGlobals) = postSolution
		SolutionGuid = {79F5B909-FBF9-4506-BE80-2090B7C8D383}
	EndGlobalSection
EndGlobal
